
Microsoft Visual Studio Solution File, Format Version 12.00
# Visual Studio 15
VisualStudioVersion = 15.0.27004.2006
MinimumVisualStudioVersion = 10.0.40219.1
Project("{FAE04EC0-301F-11D3-BF4B-00C04F79EFBC}") = "Reportes", "Reportes\Reportes.csproj", "{2F9906E7-72D5-4713-A989-352B61151A15}"
EndProject
Global
	GlobalSection(SolutionConfigurationPlatforms) = preSolution
		Debug|Any CPU = Debug|Any CPU
		Release|Any CPU = Release|Any CPU
	EndGlobalSection
	GlobalSection(ProjectConfigurationPlatforms) = postSolution
		{2F9906E7-72D5-4713-A989-352B61151A15}.Debug|Any CPU.ActiveCfg = Debug|Any CPU
		{2F9906E7-72D5-4713-A989-352B61151A15}.Debug|Any CPU.Build.0 = Debug|Any CPU
		{2F9906E7-72D5-4713-A989-352B61151A15}.Release|Any CPU.ActiveCfg = Release|Any CPU
		{2F9906E7-72D5-4713-A989-352B61151A15}.Release|Any CPU.Build.0 = Release|Any CPU
	EndGlobalSection
	GlobalSection(SolutionProperties) = preSolution
		HideSolutionNode = FALSE
	EndGlobalSection
	GlobalSection(ExtensibilityGlobals) = postSolution
		SolutionGuid = {E0FDE10D-0E19-4445-B243-1775A4DEFCA2}
	EndGlobalSection
EndGlobal
